
Microsoft Visual Studio Solution File, Format Version 12.00
# Visual Studio Version 16
VisualStudioVersion = 16.0.29905.134
MinimumVisualStudioVersion = 10.0.40219.1
Project("{9A19103F-16F7-4668-BE54-9A1E7A4F7556}") = "Poplar.LeetCode.LinkedList", "Poplar.LeetCode.LinkedList\Poplar.LeetCode.LinkedList.csproj", "{FC1A1CC2-11CE-4A98-8B52-2CA99FB4811A}"
EndProject
Project("{FAE04EC0-301F-11D3-BF4B-00C04F79EFBC}") = "Poplar.LeetCode.Array", "Poplar.LeetCode.Array\Poplar.LeetCode.Array.csproj", "{6CB7CE85-671A-4FDD-BBD7-5AA7CB7726AF}"
EndProject
Global
	GlobalSection(SolutionConfigurationPlatforms) = preSolution
		Debug|Any CPU = Debug|Any CPU
		Release|Any CPU = Release|Any CPU
	EndGlobalSection
	GlobalSection(ProjectConfigurationPlatforms) = postSolution
		{FC1A1CC2-11CE-4A98-8B52-2CA99FB4811A}.Debug|Any CPU.ActiveCfg = Debug|Any CPU
		{FC1A1CC2-11CE-4A98-8B52-2CA99FB4811A}.Debug|Any CPU.Build.0 = Debug|Any CPU
		{FC1A1CC2-11CE-4A98-8B52-2CA99FB4811A}.Release|Any CPU.ActiveCfg = Release|Any CPU
		{FC1A1CC2-11CE-4A98-8B52-2CA99FB4811A}.Release|Any CPU.Build.0 = Release|Any CPU
		{6CB7CE85-671A-4FDD-BBD7-5AA7CB7726AF}.Debug|Any CPU.ActiveCfg = Debug|Any CPU
		{6CB7CE85-671A-4FDD-BBD7-5AA7CB7726AF}.Debug|Any CPU.Build.0 = Debug|Any CPU
		{6CB7CE85-671A-4FDD-BBD7-5AA7CB7726AF}.Release|Any CPU.ActiveCfg = Release|Any CPU
		{6CB7CE85-671A-4FDD-BBD7-5AA7CB7726AF}.Release|Any CPU.Build.0 = Release|Any CPU
	EndGlobalSection
	GlobalSection(SolutionProperties) = preSolution
		HideSolutionNode = FALSE
	EndGlobalSection
	GlobalSection(ExtensibilityGlobals) = postSolution
		SolutionGuid = {3B502374-D3BF-463F-87A7-A7490A148981}
	EndGlobalSection
EndGlobal
